
Microsoft Visual Studio Solution File, Format Version 12.00
# Visual Studio Version 17
VisualStudioVersion = 17.11.35312.102
MinimumVisualStudioVersion = 10.0.40219.1
Project("{FAE04EC0-301F-11D3-BF4B-00C04F79EFBC}") = "library-manager", "library-manager.csproj", "{FF2A03F1-7168-431E-995C-3BA398377A14}"
EndProject
Global
	GlobalSection(SolutionConfigurationPlatforms) = preSolution
		Debug|Any CPU = Debug|Any CPU
		Release|Any CPU = Release|Any CPU
	EndGlobalSection
	GlobalSection(ProjectConfigurationPlatforms) = postSolution
		{FF2A03F1-7168-431E-995C-3BA398377A14}.Debug|Any CPU.ActiveCfg = Debug|Any CPU
		{FF2A03F1-7168-431E-995C-3BA398377A14}.Debug|Any CPU.Build.0 = Debug|Any CPU
		{FF2A03F1-7168-431E-995C-3BA398377A14}.Release|Any CPU.ActiveCfg = Release|Any CPU
		{FF2A03F1-7168-431E-995C-3BA398377A14}.Release|Any CPU.Build.0 = Release|Any CPU
	EndGlobalSection
	GlobalSection(SolutionProperties) = preSolution
		HideSolutionNode = FALSE
	EndGlobalSection
	GlobalSection(ExtensibilityGlobals) = postSolution
		SolutionGuid = {6F0A55A1-EB4D-49D1-9FAE-6BDAE724DA1D}
	EndGlobalSection
EndGlobal
